{
    "name": "solusiovps",
    "version": "1.0.0",
    "lockfileVersion": 1,
    "requires": true,
    "dependencies": {
        "@novnc/novnc": {
            "version": "1.2.0",
            "resolved": "https://registry.npmjs.org/@novnc/novnc/-/novnc-1.2.0.tgz",
            "integrity": "sha512-FaUckOedGhSbwQBXk/KGyxKt9ngskg4wPw6ghbHWXOUEmQscAZr3467lTU5DSfppwHJt5k+lQiHoeYUuY90l2Q=="
        }
    }
}
